
Microsoft Visual Studio Solution File, Format Version 12.00
# Visual Studio 15
VisualStudioVersion = 15.0.27703.2047
MinimumVisualStudioVersion = 10.0.40219.1
Project("{FAE04EC0-301F-11D3-BF4B-00C04F79EFBC}") = "ArmyGame", "ArmyGame\ArmyGame.csproj", "{196D3007-20AA-4C30-9FEA-5EE7F365A843}"
EndProject
Global
	GlobalSection(SolutionConfigurationPlatforms) = preSolution
		Debug|Any CPU = Debug|Any CPU
		Release|Any CPU = Release|Any CPU
	EndGlobalSection
	GlobalSection(ProjectConfigurationPlatforms) = postSolution
		{196D3007-20AA-4C30-9FEA-5EE7F365A843}.Debug|Any CPU.ActiveCfg = Debug|Any CPU
		{196D3007-20AA-4C30-9FEA-5EE7F365A843}.Debug|Any CPU.Build.0 = Debug|Any CPU
		{196D3007-20AA-4C30-9FEA-5EE7F365A843}.Release|Any CPU.ActiveCfg = Release|Any CPU
		{196D3007-20AA-4C30-9FEA-5EE7F365A843}.Release|Any CPU.Build.0 = Release|Any CPU
	EndGlobalSection
	GlobalSection(SolutionProperties) = preSolution
		HideSolutionNode = FALSE
	EndGlobalSection
	GlobalSection(ExtensibilityGlobals) = postSolution
		SolutionGuid = {D021FFFD-30F2-46E1-8D1A-69BC68901CA4}
	EndGlobalSection
EndGlobal
